
Microsoft Visual Studio Solution File, Format Version 12.00
# Visual Studio 15
Project("{FAE04EC0-301F-11D3-BF4B-00C04F79EFBC}") = "Assembly-CSharp", "Assembly-CSharp.csproj", "{4FA96129-28D6-6DF7-DF65-EA9F26895BF0}"
EndProject
Project("{FAE04EC0-301F-11D3-BF4B-00C04F79EFBC}") = "Assembly-CSharp-Editor", "Assembly-CSharp-Editor.csproj", "{EE63A7E5-3A05-8C62-790F-F251C55C0CCE}"
EndProject
Global
	GlobalSection(SolutionConfigurationPlatforms) = preSolution
		Debug|Any CPU = Debug|Any CPU
		Release|Any CPU = Release|Any CPU
	EndGlobalSection
	GlobalSection(ProjectConfigurationPlatforms) = postSolution
		{4FA96129-28D6-6DF7-DF65-EA9F26895BF0}.Debug|Any CPU.ActiveCfg = Debug|Any CPU
		{4FA96129-28D6-6DF7-DF65-EA9F26895BF0}.Debug|Any CPU.Build.0 = Debug|Any CPU
		{4FA96129-28D6-6DF7-DF65-EA9F26895BF0}.Release|Any CPU.ActiveCfg = Release|Any CPU
		{4FA96129-28D6-6DF7-DF65-EA9F26895BF0}.Release|Any CPU.Build.0 = Release|Any CPU
		{EE63A7E5-3A05-8C62-790F-F251C55C0CCE}.Debug|Any CPU.ActiveCfg = Debug|Any CPU
		{EE63A7E5-3A05-8C62-790F-F251C55C0CCE}.Debug|Any CPU.Build.0 = Debug|Any CPU
		{EE63A7E5-3A05-8C62-790F-F251C55C0CCE}.Release|Any CPU.ActiveCfg = Release|Any CPU
		{EE63A7E5-3A05-8C62-790F-F251C55C0CCE}.Release|Any CPU.Build.0 = Release|Any CPU
	EndGlobalSection
	GlobalSection(SolutionProperties) = preSolution
		HideSolutionNode = FALSE
	EndGlobalSection
EndGlobal
